Microsoft Visual Studio Solution File, Format Version 12.00
# Visual Studio Version 17
VisualStudioVersion = 17.11.35312.102
MinimumVisualStudioVersion = 10.0.40219.1
Project("{9A19103F-16F7-4668-BE54-9A1E7A4F7556}") = "Packata.Core", "src\Packata.Core\Packata.Core.csproj", "{4B5AF43E-E41C-4064-822C-988082C56A2E}"
EndProject
Project("{2150E333-8FDC-42A3-9474-1A3956D46DE8}") = "Solution Items", "Solution Items", "{C923A152-4091-48BE-A984-686FF5E4ACCC}"
	ProjectSection(SolutionItems) = preProject
		conventional_commits_labels.yml = conventional_commits_labels.yml
	EndProjectSection
EndProject
Project("{2150E333-8FDC-42A3-9474-1A3956D46DE8}") = "Build", "Build", "{95E83BA6-B535-4D56-B06A-D00249A4EF00}"
	ProjectSection(SolutionItems) = preProject
		appveyor.yml = appveyor.yml
		.github\conventional_commits_labels.json = .github\conventional_commits_labels.json
		.github\dependabot.yml = .github\dependabot.yml
		Directory.Build.props = Directory.Build.props
		Directory.Build.targets = Directory.Build.targets
		Dockerfile = Dockerfile
		github.ps1 = github.ps1
		GitVersion.yml = GitVersion.yml
		package-delta-schemas.ps1 = package-delta-schemas.ps1
		package.ps1 = package.ps1
	EndProjectSection
EndProject
Project("{2150E333-8FDC-42A3-9474-1A3956D46DE8}") = "Project", "Project", "{09BDFA96-353F-419D-890A-D9B9045E66DD}"
	ProjectSection(SolutionItems) = preProject
		LICENSE = LICENSE
		README.md = README.md
	EndProjectSection
EndProject
Project("{2150E333-8FDC-42A3-9474-1A3956D46DE8}") = "Edit", "Edit", "{210C887C-6FF3-4D1B-9A7B-894E2F286FF4}"
	ProjectSection(SolutionItems) = preProject
		.editorconfig = .editorconfig
		.gitignore = .gitignore
	EndProjectSection
EndProject
Project("{FAE04EC0-301F-11D3-BF4B-00C04F79EFBC}") = "Packata.Core.Testing", "src\Packata.Core.Testing\Packata.Core.Testing.csproj", "{6F8E7D81-19C5-49F9-9E6C-117947D755ED}"
EndProject
Project("{FAE04EC0-301F-11D3-BF4B-00C04F79EFBC}") = "Packata.ResourceReaders", "src\Packata.ResourceReaders\Packata.ResourceReaders.csproj", "{B17B8F9D-6832-4215-A388-EC9398E7C071}"
EndProject
Project("{FAE04EC0-301F-11D3-BF4B-00C04F79EFBC}") = "Packata.ResourceReaders.Testing", "src\Packata.ResourceReaders.Testing\Packata.ResourceReaders.Testing.csproj", "{7A9C53DD-A0D6-4771-8934-4DE37C10ECAD}"
EndProject
Project("{FAE04EC0-301F-11D3-BF4B-00C04F79EFBC}") = "Packata.Provisioners", "src\Packata.Provisioners\Packata.Provisioners.csproj", "{B5B47B86-1EF3-4C24-B6CC-A9749C750E42}"
EndProject
Project("{FAE04EC0-301F-11D3-BF4B-00C04F79EFBC}") = "Packata.Provisioners.Testing", "src\Packata.Provisioners.Testing\Packata.Provisioners.Testing.csproj", "{8BAE720D-3F03-4D53-A5B4-CDA95DA97697}"
EndProject
Project("{2150E333-8FDC-42A3-9474-1A3956D46DE8}") = "ResourceReaders", "ResourceReaders", "{02EA681E-C7D8-13C7-8484-4AC65E1B71E8}"
EndProject
Project("{2150E333-8FDC-42A3-9474-1A3956D46DE8}") = "Provisioners", "Provisioners", "{3EC93812-5079-426E-89E5-7785B87B7D55}"
EndProject
Project("{2150E333-8FDC-42A3-9474-1A3956D46DE8}") = "Storages", "Storages", "{93ECC912-96B7-463A-BAA4-9A2274C97329}"
EndProject
Project("{FAE04EC0-301F-11D3-BF4B-00C04F79EFBC}") = "Packata.Storages", "src\Packata.Storages\Packata.Storages.csproj", "{357BFF0A-876E-BDD1-52C3-F4F9BDD35AF8}"
EndProject
Project("{FAE04EC0-301F-11D3-BF4B-00C04F79EFBC}") = "Packata.Storages.Testing", "src\Packata.Storages.Testing\Packata.Storages.Testing.csproj", "{CB16B305-A39F-23A9-FDCB-7996C42F2EC5}"
EndProject
Project("{FAE04EC0-301F-11D3-BF4B-00C04F79EFBC}") = "Packata.OpenDataContract", "src\Packata.OpenDataContract\Packata.OpenDataContract.csproj", "{39148ED5-15AF-D57C-21AB-5F9E32745C7B}"
EndProject
Project("{FAE04EC0-301F-11D3-BF4B-00C04F79EFBC}") = "Packata.OpenDataContract.Testing", "src\Packata.OpenDataContract.Testing\Packata.OpenDataContract.Testing.csproj", "{368904A6-1BC4-1886-185A-74268613406A}"
EndProject
Global
	GlobalSection(SolutionConfigurationPlatforms) = preSolution
		Debug|Any CPU = Debug|Any CPU
		Release|Any CPU = Release|Any CPU
	EndGlobalSection
	GlobalSection(ProjectConfigurationPlatforms) = postSolution
		{4B5AF43E-E41C-4064-822C-988082C56A2E}.Debug|Any CPU.ActiveCfg = Debug|Any CPU
		{4B5AF43E-E41C-4064-822C-988082C56A2E}.Debug|Any CPU.Build.0 = Debug|Any CPU
		{4B5AF43E-E41C-4064-822C-988082C56A2E}.Release|Any CPU.ActiveCfg = Release|Any CPU
		{4B5AF43E-E41C-4064-822C-988082C56A2E}.Release|Any CPU.Build.0 = Release|Any CPU
		{6F8E7D81-19C5-49F9-9E6C-117947D755ED}.Debug|Any CPU.ActiveCfg = Debug|Any CPU
		{6F8E7D81-19C5-49F9-9E6C-117947D755ED}.Debug|Any CPU.Build.0 = Debug|Any CPU
		{6F8E7D81-19C5-49F9-9E6C-117947D755ED}.Release|Any CPU.ActiveCfg = Release|Any CPU
		{6F8E7D81-19C5-49F9-9E6C-117947D755ED}.Release|Any CPU.Build.0 = Release|Any CPU
		{B17B8F9D-6832-4215-A388-EC9398E7C071}.Debug|Any CPU.ActiveCfg = Debug|Any CPU
		{B17B8F9D-6832-4215-A388-EC9398E7C071}.Debug|Any CPU.Build.0 = Debug|Any CPU
		{B17B8F9D-6832-4215-A388-EC9398E7C071}.Release|Any CPU.ActiveCfg = Release|Any CPU
		{B17B8F9D-6832-4215-A388-EC9398E7C071}.Release|Any CPU.Build.0 = Release|Any CPU
		{7A9C53DD-A0D6-4771-8934-4DE37C10ECAD}.Debug|Any CPU.ActiveCfg = Debug|Any CPU
		{7A9C53DD-A0D6-4771-8934-4DE37C10ECAD}.Debug|Any CPU.Build.0 = Debug|Any CPU
		{7A9C53DD-A0D6-4771-8934-4DE37C10ECAD}.Release|Any CPU.ActiveCfg = Release|Any CPU
		{7A9C53DD-A0D6-4771-8934-4DE37C10ECAD}.Release|Any CPU.Build.0 = Release|Any CPU
		{B5B47B86-1EF3-4C24-B6CC-A9749C750E42}.Debug|Any CPU.ActiveCfg = Debug|Any CPU
		{B5B47B86-1EF3-4C24-B6CC-A9749C750E42}.Debug|Any CPU.Build.0 = Debug|Any CPU
		{B5B47B86-1EF3-4C24-B6CC-A9749C750E42}.Release|Any CPU.ActiveCfg = Release|Any CPU
		{B5B47B86-1EF3-4C24-B6CC-A9749C750E42}.Release|Any CPU.Build.0 = Release|Any CPU
		{8BAE720D-3F03-4D53-A5B4-CDA95DA97697}.Debug|Any CPU.ActiveCfg = Debug|Any CPU
		{8BAE720D-3F03-4D53-A5B4-CDA95DA97697}.Debug|Any CPU.Build.0 = Debug|Any CPU
		{8BAE720D-3F03-4D53-A5B4-CDA95DA97697}.Release|Any CPU.ActiveCfg = Release|Any CPU
		{8BAE720D-3F03-4D53-A5B4-CDA95DA97697}.Release|Any CPU.Build.0 = Release|Any CPU
		{357BFF0A-876E-BDD1-52C3-F4F9BDD35AF8}.Debug|Any CPU.ActiveCfg = Debug|Any CPU
		{357BFF0A-876E-BDD1-52C3-F4F9BDD35AF8}.Debug|Any CPU.Build.0 = Debug|Any CPU
		{357BFF0A-876E-BDD1-52C3-F4F9BDD35AF8}.Release|Any CPU.ActiveCfg = Release|Any CPU
		{357BFF0A-876E-BDD1-52C3-F4F9BDD35AF8}.Release|Any CPU.Build.0 = Release|Any CPU
		{CB16B305-A39F-23A9-FDCB-7996C42F2EC5}.Debug|Any CPU.ActiveCfg = Debug|Any CPU
		{CB16B305-A39F-23A9-FDCB-7996C42F2EC5}.Debug|Any CPU.Build.0 = Debug|Any CPU
		{CB16B305-A39F-23A9-FDCB-7996C42F2EC5}.Release|Any CPU.ActiveCfg = Release|Any CPU
		{CB16B305-A39F-23A9-FDCB-7996C42F2EC5}.Release|Any CPU.Build.0 = Release|Any CPU
		{39148ED5-15AF-D57C-21AB-5F9E32745C7B}.Debug|Any CPU.ActiveCfg = Debug|Any CPU
		{39148ED5-15AF-D57C-21AB-5F9E32745C7B}.Debug|Any CPU.Build.0 = Debug|Any CPU
		{39148ED5-15AF-D57C-21AB-5F9E32745C7B}.Release|Any CPU.ActiveCfg = Release|Any CPU
		{39148ED5-15AF-D57C-21AB-5F9E32745C7B}.Release|Any CPU.Build.0 = Release|Any CPU
		{368904A6-1BC4-1886-185A-74268613406A}.Debug|Any CPU.ActiveCfg = Debug|Any CPU
		{368904A6-1BC4-1886-185A-74268613406A}.Debug|Any CPU.Build.0 = Debug|Any CPU
		{368904A6-1BC4-1886-185A-74268613406A}.Release|Any CPU.ActiveCfg = Release|Any CPU
		{368904A6-1BC4-1886-185A-74268613406A}.Release|Any CPU.Build.0 = Release|Any CPU
	EndGlobalSection
	GlobalSection(SolutionProperties) = preSolution
		HideSolutionNode = FALSE
	EndGlobalSection
	GlobalSection(NestedProjects) = preSolution
		{B17B8F9D-6832-4215-A388-EC9398E7C071} = {02EA681E-C7D8-13C7-8484-4AC65E1B71E8}
		{7A9C53DD-A0D6-4771-8934-4DE37C10ECAD} = {02EA681E-C7D8-13C7-8484-4AC65E1B71E8}
		{B5B47B86-1EF3-4C24-B6CC-A9749C750E42} = {3EC93812-5079-426E-89E5-7785B87B7D55}
		{8BAE720D-3F03-4D53-A5B4-CDA95DA97697} = {3EC93812-5079-426E-89E5-7785B87B7D55}
		{357BFF0A-876E-BDD1-52C3-F4F9BDD35AF8} = {93ECC912-96B7-463A-BAA4-9A2274C97329}
		{CB16B305-A39F-23A9-FDCB-7996C42F2EC5} = {93ECC912-96B7-463A-BAA4-9A2274C97329}
	EndGlobalSection
	GlobalSection(ExtensibilityGlobals) = postSolution
		SolutionGuid = {4AF64100-8E3B-4ACF-8266-89231A365F92}
	EndGlobalSection
EndGlobal
